
Microsoft Visual Studio Solution File, Format Version 12.00
# Visual Studio Version 17
VisualStudioVersion = 17.6.33815.320
MinimumVisualStudioVersion = 10.0.40219.1
Project("{FAE04EC0-301F-11D3-BF4B-00C04F79EFBC}") = "Dapper_API", "Dapper_API\Dapper_API.csproj", "{4602F340-C3C3-448C-B2FC-07925392F3FD}"
EndProject
Project("{FAE04EC0-301F-11D3-BF4B-00C04F79EFBC}") = "Dapper.Database", "Dapper.Dapper\Dapper.Database.csproj", "{50A1C3A4-8C84-4013-BB41-5F1DFD9A9190}"
EndProject
Global
	GlobalSection(SolutionConfigurationPlatforms) = preSolution
		Debug|Any CPU = Debug|Any CPU
		Release|Any CPU = Release|Any CPU
	EndGlobalSection
	GlobalSection(ProjectConfigurationPlatforms) = postSolution
		{4602F340-C3C3-448C-B2FC-07925392F3FD}.Debug|Any CPU.ActiveCfg = Debug|Any CPU
		{4602F340-C3C3-448C-B2FC-07925392F3FD}.Debug|Any CPU.Build.0 = Debug|Any CPU
		{4602F340-C3C3-448C-B2FC-07925392F3FD}.Release|Any CPU.ActiveCfg = Release|Any CPU
		{4602F340-C3C3-448C-B2FC-07925392F3FD}.Release|Any CPU.Build.0 = Release|Any CPU
		{50A1C3A4-8C84-4013-BB41-5F1DFD9A9190}.Debug|Any CPU.ActiveCfg = Debug|Any CPU
		{50A1C3A4-8C84-4013-BB41-5F1DFD9A9190}.Debug|Any CPU.Build.0 = Debug|Any CPU
		{50A1C3A4-8C84-4013-BB41-5F1DFD9A9190}.Release|Any CPU.ActiveCfg = Release|Any CPU
		{50A1C3A4-8C84-4013-BB41-5F1DFD9A9190}.Release|Any CPU.Build.0 = Release|Any CPU
	EndGlobalSection
	GlobalSection(SolutionProperties) = preSolution
		HideSolutionNode = FALSE
	EndGlobalSection
	GlobalSection(ExtensibilityGlobals) = postSolution
		SolutionGuid = {3B95AA11-D253-40F0-B1B2-CAF2C96C7CC8}
	EndGlobalSection
EndGlobal
